
Microsoft Visual Studio Solution File, Format Version 12.00
# Visual Studio Version 17
VisualStudioVersion = 17.5.33530.505
MinimumVisualStudioVersion = 10.0.40219.1
Project("{9A19103F-16F7-4668-BE54-9A1E7A4F7556}") = "AZCECoreWebApi", "AZCECoreWebApi\AZCECoreWebApi.csproj", "{A3AF1C5F-DA4C-49BD-8649-6C01EAB2EF72}"
EndProject
Project("{9A19103F-16F7-4668-BE54-9A1E7A4F7556}") = "AZCEAzureFunction", "AZCEAzureFunction\AZCEAzureFunction.csproj", "{FFFC6CEC-FE35-410C-8E36-6E6362C2FAD1}"
EndProject
Project("{9A19103F-16F7-4668-BE54-9A1E7A4F7556}") = "BlazorServerApp1", "BlazorServerApp1\BlazorServerApp1.csproj", "{E3B53621-E873-4D26-9326-CFFC123D79CE}"
EndProject
Project("{2150E333-8FDC-42A3-9474-1A3956D46DE8}") = "Files", "Files", "{8A56F0CB-FC58-4B0A-BA96-BC4C0E64A527}"
	ProjectSection(SolutionItems) = preProject
		example_react_fetchdata_page.png = example_react_fetchdata_page.png
		ReadMe.txt = ReadMe.txt
	EndProjectSection
EndProject
Project("{54A90642-561A-4BB1-A94E-469ADEE60C69}") = "reactjavascriptfe", "ReactJavascriptFE\reactjavascriptfe.esproj", "{6AFB38E0-A8A0-46CE-8A70-20F1EE643028}"
EndProject
Global
	GlobalSection(SolutionConfigurationPlatforms) = preSolution
		Debug|Any CPU = Debug|Any CPU
		Release|Any CPU = Release|Any CPU
	EndGlobalSection
	GlobalSection(ProjectConfigurationPlatforms) = postSolution
		{A3AF1C5F-DA4C-49BD-8649-6C01EAB2EF72}.Debug|Any CPU.ActiveCfg = Debug|Any CPU
		{A3AF1C5F-DA4C-49BD-8649-6C01EAB2EF72}.Debug|Any CPU.Build.0 = Debug|Any CPU
		{A3AF1C5F-DA4C-49BD-8649-6C01EAB2EF72}.Release|Any CPU.ActiveCfg = Release|Any CPU
		{A3AF1C5F-DA4C-49BD-8649-6C01EAB2EF72}.Release|Any CPU.Build.0 = Release|Any CPU
		{FFFC6CEC-FE35-410C-8E36-6E6362C2FAD1}.Debug|Any CPU.ActiveCfg = Debug|Any CPU
		{FFFC6CEC-FE35-410C-8E36-6E6362C2FAD1}.Debug|Any CPU.Build.0 = Debug|Any CPU
		{FFFC6CEC-FE35-410C-8E36-6E6362C2FAD1}.Release|Any CPU.ActiveCfg = Release|Any CPU
		{FFFC6CEC-FE35-410C-8E36-6E6362C2FAD1}.Release|Any CPU.Build.0 = Release|Any CPU
		{E3B53621-E873-4D26-9326-CFFC123D79CE}.Debug|Any CPU.ActiveCfg = Debug|Any CPU
		{E3B53621-E873-4D26-9326-CFFC123D79CE}.Debug|Any CPU.Build.0 = Debug|Any CPU
		{E3B53621-E873-4D26-9326-CFFC123D79CE}.Release|Any CPU.ActiveCfg = Release|Any CPU
		{E3B53621-E873-4D26-9326-CFFC123D79CE}.Release|Any CPU.Build.0 = Release|Any CPU
		{6AFB38E0-A8A0-46CE-8A70-20F1EE643028}.Debug|Any CPU.ActiveCfg = Debug|Any CPU
		{6AFB38E0-A8A0-46CE-8A70-20F1EE643028}.Debug|Any CPU.Build.0 = Debug|Any CPU
		{6AFB38E0-A8A0-46CE-8A70-20F1EE643028}.Debug|Any CPU.Deploy.0 = Debug|Any CPU
		{6AFB38E0-A8A0-46CE-8A70-20F1EE643028}.Release|Any CPU.ActiveCfg = Release|Any CPU
		{6AFB38E0-A8A0-46CE-8A70-20F1EE643028}.Release|Any CPU.Build.0 = Release|Any CPU
		{6AFB38E0-A8A0-46CE-8A70-20F1EE643028}.Release|Any CPU.Deploy.0 = Release|Any CPU
	EndGlobalSection
	GlobalSection(SolutionProperties) = preSolution
		HideSolutionNode = FALSE
	EndGlobalSection
	GlobalSection(ExtensibilityGlobals) = postSolution
		SolutionGuid = {5A34345E-B137-4414-8A0C-AAC78FEBEE01}
	EndGlobalSection
EndGlobal
